
Microsoft Visual Studio Solution File, Format Version 12.00
Project("{FAE04EC0-301F-11D3-BF4B-00C04F79EFBC}") = "Simple.Auth.Example", "Simple.Auth.Example\Simple.Auth.Example.csproj", "{8AA07BAD-681E-452F-B7EF-7AD2D0174DBD}"
EndProject
Global
	GlobalSection(SolutionConfigurationPlatforms) = preSolution
		Debug|Any CPU = Debug|Any CPU
		Release|Any CPU = Release|Any CPU
	EndGlobalSection
	GlobalSection(ProjectConfigurationPlatforms) = postSolution
		{8AA07BAD-681E-452F-B7EF-7AD2D0174DBD}.Debug|Any CPU.ActiveCfg = Debug|Any CPU
		{8AA07BAD-681E-452F-B7EF-7AD2D0174DBD}.Debug|Any CPU.Build.0 = Debug|Any CPU
		{8AA07BAD-681E-452F-B7EF-7AD2D0174DBD}.Release|Any CPU.ActiveCfg = Release|Any CPU
		{8AA07BAD-681E-452F-B7EF-7AD2D0174DBD}.Release|Any CPU.Build.0 = Release|Any CPU
	EndGlobalSection
EndGlobal
